
Microsoft Visual Studio Solution File, Format Version 12.00
# Visual Studio Version 17
VisualStudioVersion = 17.14.36327.8 d17.14
MinimumVisualStudioVersion = 10.0.40219.1
Project("{FAE04EC0-301F-11D3-BF4B-00C04F79EFBC}") = "MultiThreading", "MultiThreading.csproj", "{F523DB2B-5B75-4996-8100-CDF3952EC3EE}"
EndProject
Global
	GlobalSection(SolutionConfigurationPlatforms) = preSolution
		Debug|Any CPU = Debug|Any CPU
		Release|Any CPU = Release|Any CPU
	EndGlobalSection
	GlobalSection(ProjectConfigurationPlatforms) = postSolution
		{F523DB2B-5B75-4996-8100-CDF3952EC3EE}.Debug|Any CPU.ActiveCfg = Debug|Any CPU
		{F523DB2B-5B75-4996-8100-CDF3952EC3EE}.Debug|Any CPU.Build.0 = Debug|Any CPU
		{F523DB2B-5B75-4996-8100-CDF3952EC3EE}.Release|Any CPU.ActiveCfg = Release|Any CPU
		{F523DB2B-5B75-4996-8100-CDF3952EC3EE}.Release|Any CPU.Build.0 = Release|Any CPU
	EndGlobalSection
	GlobalSection(SolutionProperties) = preSolution
		HideSolutionNode = FALSE
	EndGlobalSection
	GlobalSection(ExtensibilityGlobals) = postSolution
		SolutionGuid = {7DF74351-82C0-42FE-BFDA-358668DCA1F0}
	EndGlobalSection
EndGlobal
